Microsoft Visual Studio Solution File, Format Version 11.00
# Visual Studio 2008

Project("{86AF01D1-A095-2EB8-8BCB-85B81CBB3E29}") = "vr world", "Assembly-CSharp-firstpass-vs.csproj", "{02CB42E4-6DA4-9DD9-5A89-E46B09F086BE}"
EndProject
Project("{86AF01D1-A095-2EB8-8BCB-85B81CBB3E29}") = "vr world", "Assembly-CSharp-vs.csproj", "{6838D7CF-148E-4CD8-405F-DD736F552242}"
EndProject
Project("{86AF01D1-A095-2EB8-8BCB-85B81CBB3E29}") = "vr world", "Assembly-CSharp-Editor-vs.csproj", "{0DDA6838-44A2-D81C-34F6-7F3ABD423229}"
EndProject
Global
	GlobalSection(SolutionConfigurationPlatforms) = preSolution
		Debug|Any CPU = Debug|Any CPU
		Release|Any CPU = Release|Any CPU
	EndGlobalSection
	GlobalSection(ProjectConfigurationPlatforms) = postSolution
		{02CB42E4-6DA4-9DD9-5A89-E46B09F086BE}.Debug|Any CPU.ActiveCfg = Debug|Any CPU
		{02CB42E4-6DA4-9DD9-5A89-E46B09F086BE}.Debug|Any CPU.Build.0 = Debug|Any CPU
		{02CB42E4-6DA4-9DD9-5A89-E46B09F086BE}.Release|Any CPU.ActiveCfg = Release|Any CPU
		{02CB42E4-6DA4-9DD9-5A89-E46B09F086BE}.Release|Any CPU.Build.0 = Release|Any CPU
		{6838D7CF-148E-4CD8-405F-DD736F552242}.Debug|Any CPU.ActiveCfg = Debug|Any CPU
		{6838D7CF-148E-4CD8-405F-DD736F552242}.Debug|Any CPU.Build.0 = Debug|Any CPU
		{6838D7CF-148E-4CD8-405F-DD736F552242}.Release|Any CPU.ActiveCfg = Release|Any CPU
		{6838D7CF-148E-4CD8-405F-DD736F552242}.Release|Any CPU.Build.0 = Release|Any CPU
		{0DDA6838-44A2-D81C-34F6-7F3ABD423229}.Debug|Any CPU.ActiveCfg = Debug|Any CPU
		{0DDA6838-44A2-D81C-34F6-7F3ABD423229}.Debug|Any CPU.Build.0 = Debug|Any CPU
		{0DDA6838-44A2-D81C-34F6-7F3ABD423229}.Release|Any CPU.ActiveCfg = Release|Any CPU
		{0DDA6838-44A2-D81C-34F6-7F3ABD423229}.Release|Any CPU.Build.0 = Release|Any CPU
	EndGlobalSection
	GlobalSection(SolutionProperties) = preSolution
		HideSolutionNode = FALSE
	EndGlobalSection
																																																																																																																					GlobalSection(MonoDevelopProperties) = preSolution
		StartupItem = Assembly-CSharp.csproj
		Policies = $0
		$0.TextStylePolicy = $1
		$1.inheritsSet = null
		$1.scope = text/x-csharp
		$0.CSharpFormattingPolicy = $2
		$2.inheritsSet = Mono
		$2.inheritsScope = text/x-csharp
		$2.scope = text/x-csharp
		$0.TextStylePolicy = $3
		$3.FileWidth = 120
		$3.TabWidth = 4
		$3.EolMarker = Unix
		$3.inheritsSet = Mono
		$3.inheritsScope = text/plain
		$3.scope = text/plain
	EndGlobalSection

EndGlobal
