Microsoft Visual Studio Solution File, Format Version 11.00
# Visual Studio 2008

Project("{8ACB20BA-BBEF-C7F4-8615-5C1C05963824}") = "TmVR Menu", "Assembly-CSharp-firstpass.csproj", "{59104A3A-3C86-39B2-E7B6-8920E858B5DA}"
EndProject
Project("{8ACB20BA-BBEF-C7F4-8615-5C1C05963824}") = "TmVR Menu", "Assembly-CSharp.csproj", "{AD5A5D80-A204-52D0-A958-C6FE4D0BC6E3}"
EndProject
Project("{8ACB20BA-BBEF-C7F4-8615-5C1C05963824}") = "TmVR Menu", "Assembly-CSharp-Editor.csproj", "{8E92B65E-E6B1-11FE-2ED6-9419136299FB}"
EndProject
Project("{8ACB20BA-BBEF-C7F4-8615-5C1C05963824}") = "TmVR Menu", "Assembly-UnityScript-firstpass.unityproj", "{58749934-0856-401F-C455-EA2E2DBFA836}"
EndProject
Project("{8ACB20BA-BBEF-C7F4-8615-5C1C05963824}") = "TmVR Menu", "Assembly-UnityScript.unityproj", "{47E066D0-8621-6BCC-6E36-931C13AE2BFC}"
EndProject
Global
	GlobalSection(SolutionConfigurationPlatforms) = preSolution
		Debug|Any CPU = Debug|Any CPU
		Release|Any CPU = Release|Any CPU
	EndGlobalSection
	GlobalSection(ProjectConfigurationPlatforms) = postSolution
		{59104A3A-3C86-39B2-E7B6-8920E858B5DA}.Debug|Any CPU.ActiveCfg = Debug|Any CPU
		{59104A3A-3C86-39B2-E7B6-8920E858B5DA}.Debug|Any CPU.Build.0 = Debug|Any CPU
		{59104A3A-3C86-39B2-E7B6-8920E858B5DA}.Release|Any CPU.ActiveCfg = Release|Any CPU
		{59104A3A-3C86-39B2-E7B6-8920E858B5DA}.Release|Any CPU.Build.0 = Release|Any CPU
		{AD5A5D80-A204-52D0-A958-C6FE4D0BC6E3}.Debug|Any CPU.ActiveCfg = Debug|Any CPU
		{AD5A5D80-A204-52D0-A958-C6FE4D0BC6E3}.Debug|Any CPU.Build.0 = Debug|Any CPU
		{AD5A5D80-A204-52D0-A958-C6FE4D0BC6E3}.Release|Any CPU.ActiveCfg = Release|Any CPU
		{AD5A5D80-A204-52D0-A958-C6FE4D0BC6E3}.Release|Any CPU.Build.0 = Release|Any CPU
		{8E92B65E-E6B1-11FE-2ED6-9419136299FB}.Debug|Any CPU.ActiveCfg = Debug|Any CPU
		{8E92B65E-E6B1-11FE-2ED6-9419136299FB}.Debug|Any CPU.Build.0 = Debug|Any CPU
		{8E92B65E-E6B1-11FE-2ED6-9419136299FB}.Release|Any CPU.ActiveCfg = Release|Any CPU
		{8E92B65E-E6B1-11FE-2ED6-9419136299FB}.Release|Any CPU.Build.0 = Release|Any CPU
		{58749934-0856-401F-C455-EA2E2DBFA836}.Debug|Any CPU.ActiveCfg = Debug|Any CPU
		{58749934-0856-401F-C455-EA2E2DBFA836}.Debug|Any CPU.Build.0 = Debug|Any CPU
		{58749934-0856-401F-C455-EA2E2DBFA836}.Release|Any CPU.ActiveCfg = Release|Any CPU
		{58749934-0856-401F-C455-EA2E2DBFA836}.Release|Any CPU.Build.0 = Release|Any CPU
		{47E066D0-8621-6BCC-6E36-931C13AE2BFC}.Debug|Any CPU.ActiveCfg = Debug|Any CPU
		{47E066D0-8621-6BCC-6E36-931C13AE2BFC}.Debug|Any CPU.Build.0 = Debug|Any CPU
		{47E066D0-8621-6BCC-6E36-931C13AE2BFC}.Release|Any CPU.ActiveCfg = Release|Any CPU
		{47E066D0-8621-6BCC-6E36-931C13AE2BFC}.Release|Any CPU.Build.0 = Release|Any CPU
	EndGlobalSection
	GlobalSection(SolutionProperties) = preSolution
		HideSolutionNode = FALSE
	EndGlobalSection
																																				GlobalSection(MonoDevelopProperties) = preSolution
		StartupItem = Assembly-CSharp.csproj
		Policies = $0
		$0.TextStylePolicy = $1
		$1.inheritsSet = null
		$1.scope = text/x-csharp
		$0.CSharpFormattingPolicy = $2
		$2.inheritsSet = Mono
		$2.inheritsScope = text/x-csharp
		$2.scope = text/x-csharp
		$0.TextStylePolicy = $3
		$3.FileWidth = 120
		$3.TabWidth = 4
		$3.EolMarker = Unix
		$3.inheritsSet = Mono
		$3.inheritsScope = text/plain
		$3.scope = text/plain
	EndGlobalSection

EndGlobal
